
Microsoft Visual Studio Solution File, Format Version 12.00
# Visual Studio Version 17
VisualStudioVersion = 17.6.33829.357
MinimumVisualStudioVersion = 10.0.40219.1
Project("{FAE04EC0-301F-11D3-BF4B-00C04F79EFBC}") = "AutoMapperDemo", "AutoMapperDemo.csproj", "{973F1F1C-D8AD-4558-9B3F-1A6CF29A3F87}"
EndProject
Global
	GlobalSection(SolutionConfigurationPlatforms) = preSolution
		Debug|Any CPU = Debug|Any CPU
		Release|Any CPU = Release|Any CPU
	EndGlobalSection
	GlobalSection(ProjectConfigurationPlatforms) = postSolution
		{973F1F1C-D8AD-4558-9B3F-1A6CF29A3F87}.Debug|Any CPU.ActiveCfg = Debug|Any CPU
		{973F1F1C-D8AD-4558-9B3F-1A6CF29A3F87}.Debug|Any CPU.Build.0 = Debug|Any CPU
		{973F1F1C-D8AD-4558-9B3F-1A6CF29A3F87}.Release|Any CPU.ActiveCfg = Release|Any CPU
		{973F1F1C-D8AD-4558-9B3F-1A6CF29A3F87}.Release|Any CPU.Build.0 = Release|Any CPU
	EndGlobalSection
	GlobalSection(SolutionProperties) = preSolution
		HideSolutionNode = FALSE
	EndGlobalSection
	GlobalSection(ExtensibilityGlobals) = postSolution
		SolutionGuid = {38631254-9A76-4757-A0D5-4BD8F7F3A7E4}
	EndGlobalSection
EndGlobal
